{
  "R": {
    "Version": "4.1.3",
    "Repositories": [
      {
        "Name": "CRAN",
        "URL": "https://cran.r-project.org"
      }
    ]
  },
  "Packages": {
    "R6": {
      "Package": "R6",
      "Version": "2.5.1",
      "Source": "Repository",
      "Repository": "CRAN",
      "Hash": "e89daa827243e0283b3503d942772012"
    },
    "Rcpp": {
      "Package": "Rcpp",
      "Version": "1.0.8.3",
      "Source": "Repository",
      "Repository": "CRAN",
      "Hash": "4ca11c557db819ba1e9178b839db928a"
    },
    "cachem": {
      "Package": "cachem",
      "Version": "1.0.6",
      "Source": "Repository",
      "Repository": "CRAN",
      "Hash": "8568eb586aa8049e4fc345d0a4fc98f5"
    },
    "cli": {
      "Package": "cli",
      "Version": "3.3.0",
      "Source": "Repository",
      "Repository": "CRAN",
      "Hash": "c4a69c514f4316faa83b461ffcafb3a9"
    },
    "crayon": {
      "Package": "crayon",
      "Version": "1.5.1",
      "Source": "Repository",
      "Repository": "CRAN",
      "Hash": "dc7dbe046ddccb74bf434f6b34d0c3b0"
    },
    "ellipsis": {
      "Package": "ellipsis",
      "Version": "0.3.2",
      "Source": "Repository",
      "Repository": "CRAN",
      "Hash": "9c9e268e7d927f0bac25ade2b14135b1"
    },
    "fansi": {
      "Package": "fansi",
      "Version": "1.0.3",
      "Source": "Repository",
      "Repository": "CRAN",
      "Hash": "47ed382d80f6a7868354d8d19d6ae658"
    },
    "fastmap": {
      "Package": "fastmap",
      "Version": "1.1.0",
      "Source": "Repository",
      "Repository": "CRAN",
      "Hash": "cc6d8ef715ca0347c81b171e44b22262"
    },
    "fst": {
      "Package": "fst",
      "Version": "0.9.8",
      "Source": "Repository",
      "Repository": "CRAN",
      "Hash": "b27b50c5b5142f397fcc494e69ba520a"
    },
    "fstcore": {
      "Package": "fstcore",
      "Version": "0.9.12",
      "Source": "Repository",
      "Repository": "CRAN",
      "Hash": "0ef4ff404b652e920368b76dcffe09b9"
    },
    "glue": {
      "Package": "glue",
      "Version": "1.6.2",
      "Source": "Repository",
      "Repository": "CRAN",
      "Hash": "f606a28121390467a6c32abdda58f1a8"
    },
    "hms": {
      "Package": "hms",
      "Version": "1.1.1",
      "Source": "Repository",
      "Repository": "CRAN",
      "Hash": "8f647d7b7c48205dfbaeea3e3ca30146"
    },
    "lattice": {
      "Package": "lattice",
      "Version": "0.20-45",
      "Source": "Repository",
      "Repository": "CRAN",
      "Hash": "ae37c7f9db7548e0751b81e23e237858"
    },
    "lifecycle": {
      "Package": "lifecycle",
      "Version": "1.0.1",
      "Source": "Repository",
      "Repository": "CRAN",
      "Hash": "d7f207bfa270ee80c4fc2edd22813524"
    },
    "magrittr": {
      "Package": "magrittr",
      "Version": "2.0.3",
      "Source": "Repository",
      "Repository": "CRAN",
      "Hash": "ae1cbae583f60d0e6368dacd9bdf4241"
    },
    "mappp": {
      "Package": "mappp",
      "Version": "1.0.0",
      "Source": "Repository",
      "Repository": "CRAN",
      "Hash": "6bb91d1819aae06c8b40b04105b1c2db"
    },
    "memoise": {
      "Package": "memoise",
      "Version": "2.0.1",
      "Source": "Repository",
      "Repository": "CRAN",
      "Hash": "0311671b190603d9617d5aa8f8c99878"
    },
    "parallelly": {
      "Package": "parallelly",
      "Version": "1.31.1",
      "Source": "Repository",
      "Repository": "CRAN",
      "Hash": "3cb143d7cc842d4a49b0ca4c8093a03d"
    },
    "pbmcapply": {
      "Package": "pbmcapply",
      "Version": "1.5.1",
      "Source": "Repository",
      "Repository": "CRAN",
      "Hash": "52587b4cebe8b056577a3328a1901860"
    },
    "pillar": {
      "Package": "pillar",
      "Version": "1.7.0",
      "Source": "Repository",
      "Repository": "CRAN",
      "Hash": "cd829aebf258244c93527ed4a908fff5"
    },
    "pkgconfig": {
      "Package": "pkgconfig",
      "Version": "2.0.3",
      "Source": "Repository",
      "Repository": "CRAN",
      "Hash": "2c4b07ad2c2fccb7aefda8d67a661b6b"
    },
    "prettyunits": {
      "Package": "prettyunits",
      "Version": "1.1.1",
      "Source": "Repository",
      "Repository": "CRAN",
      "Hash": "7c639a82e70eba66f66ea413887521b7"
    },
    "progress": {
      "Package": "progress",
      "Version": "1.2.2",
      "Source": "Repository",
      "Repository": "CRAN",
      "Hash": "eb045d4f620b9c75a1d497c1bf051876"
    },
    "purrr": {
      "Package": "purrr",
      "Version": "0.3.4",
      "Source": "Repository",
      "Repository": "CRAN",
      "Hash": "6449b331ff2433582b3a1c7650b7fbe9"
    },
    "raster": {
      "Package": "raster",
      "Version": "3.5-15",
      "Source": "Repository",
      "Repository": "CRAN",
      "Hash": "5387f84921415160cb088ad2b421b5ad"
    },
    "renv": {
      "Package": "renv",
      "Version": "0.8.3",
      "Source": "Repository",
      "Repository": "CRAN",
      "Hash": "a47d431276025e0637692c9195860408"
    },
    "rlang": {
      "Package": "rlang",
      "Version": "1.0.2",
      "Source": "Repository",
      "Repository": "CRAN",
      "Hash": "d58c65d29bcb204a74af027b617ec9fd"
    },
    "sp": {
      "Package": "sp",
      "Version": "1.4-7",
      "Source": "Repository",
      "Repository": "CRAN",
      "Hash": "3910b3d4a8ddb890e9ed0d5f49dfc14b"
    },
    "terra": {
      "Package": "terra",
      "Version": "1.5-21",
      "Source": "Repository",
      "Repository": "CRAN",
      "Hash": "d10b66f5351605c3cee49911e1be6590"
    },
    "tibble": {
      "Package": "tibble",
      "Version": "3.1.7",
      "Source": "Repository",
      "Repository": "CRAN",
      "Hash": "73b2c288012f41fc0ddacb8eaa3d9659"
    },
    "utf8": {
      "Package": "utf8",
      "Version": "1.2.2",
      "Source": "Repository",
      "Repository": "CRAN",
      "Hash": "8f846cf588447a2509f0bcc54315bc34"
    },
    "vctrs": {
      "Package": "vctrs",
      "Version": "0.4.1",
      "Source": "Repository",
      "Repository": "CRAN",
      "Hash": "64887bcd0543fa72f495c9c9ffceb13e"
    }
  }
}
